// !$*UTF8*$!
{
	archiveVersion = 1;
	classes = {
	};
	objectVersion = 48;
	objects = {

/* Begin PBXBuildFile section */
		8859E3D61F80D75F00C3EECD /* AppDelegate.swift in Sources */ = {isa = PBXBuildFile; fileRef = 8859E3D51F80D75F00C3EECD /* AppDelegate.swift */; };
		8859E3D81F80D75F00C3EECD /* GoalsVC.swift in Sources */ = {isa = PBXBuildFile; fileRef = 8859E3D71F80D75F00C3EECD /* GoalsVC.swift */; };
		8859E3DB1F80D75F00C3EECD /* Main.storyboard in Resources */ = {isa = PBXBuildFile; fileRef = 8859E3D91F80D75F00C3EECD /* Main.storyboard */; };
		8859E3DE1F80D75F00C3EECD /* CoreDataApp.xcdatamodeld in Sources */ = {isa = PBXBuildFile; fileRef = 8859E3DC1F80D75F00C3EECD /* CoreDataApp.xcdatamodeld */; };
		8859E3E01F80D75F00C3EECD /* Assets.xcassets in Resources */ = {isa = PBXBuildFile; fileRef = 8859E3DF1F80D75F00C3EECD /* Assets.xcassets */; };
		8859E3E31F80D75F00C3EECD /* LaunchScreen.storyboard in Resources */ = {isa = PBXBuildFile; fileRef = 8859E3E11F80D75F00C3EECD /* LaunchScreen.storyboard */; };
		8859E3EF1F80E85600C3EECD /* GoalCell.swift in Sources */ = {isa = PBXBuildFile; fileRef = 8859E3EE1F80E85600C3EECD /* GoalCell.swift */; };
		8859E3F11F80F42E00C3EECD /* GoalType.swift in Sources */ = {isa = PBXBuildFile; fileRef = 8859E3F01F80F42E00C3EECD /* GoalType.swift */; };
		8859E3F31F81056B00C3EECD /* CreateGoalVC.swift in Sources */ = {isa = PBXBuildFile; fileRef = 8859E3F21F81056B00C3EECD /* CreateGoalVC.swift */; };
		888C18451F810CC200FF5D6D /* UIViewControllerExt.swift in Sources */ = {isa = PBXBuildFile; fileRef = 888C18441F810CC200FF5D6D /* UIViewControllerExt.swift */; };
		888C18471F8113A200FF5D6D /* UIViewExt.swift in Sources */ = {isa = PBXBuildFile; fileRef = 888C18461F8113A200FF5D6D /* UIViewExt.swift */; };
		888C184B1F811BC000FF5D6D /* UIButtonExt.swift in Sources */ = {isa = PBXBuildFile; fileRef = 888C184A1F811BC000FF5D6D /* UIButtonExt.swift */; };
		888C184E1F81281500FF5D6D /* FinishGoalVC.swift in Sources */ = {isa = PBXBuildFile; fileRef = 888C184D1F81281500FF5D6D /* FinishGoalVC.swift */; };
/* End PBXBuildFile section */

/* Begin PBXFileReference section */
		8859E3D21F80D75F00C3EECD /* CoreDataApp.app */ = {isa = PBXFileReference; explicitFileType = wrapper.application; includeInIndex = 0; path = CoreDataApp.app; sourceTree = BUILT_PRODUCTS_DIR; };
		8859E3D51F80D75F00C3EECD /* AppDelegate.swift */ = {isa = PBXFileReference; lastKnownFileType = sourcecode.swift; path = AppDelegate.swift; sourceTree = "<group>"; };
		8859E3D71F80D75F00C3EECD /* GoalsVC.swift */ = {isa = PBXFileReference; lastKnownFileType = sourcecode.swift; path = GoalsVC.swift; sourceTree = "<group>"; };
		8859E3DA1F80D75F00C3EECD /* Base */ = {isa = PBXFileReference; lastKnownFileType = file.storyboard; name = Base; path = Base.lproj/Main.storyboard; sourceTree = "<group>"; };
		8859E3DD1F80D75F00C3EECD /* CoreDataApp.xcdatamodel */ = {isa = PBXFileReference; lastKnownFileType = wrapper.xcdatamodel; path = CoreDataApp.xcdatamodel; sourceTree = "<group>"; };
		8859E3DF1F80D75F00C3EECD /* Assets.xcassets */ = {isa = PBXFileReference; lastKnownFileType = folder.assetcatalog; path = Assets.xcassets; sourceTree = "<group>"; };
		8859E3E21F80D75F00C3EECD /* Base */ = {isa = PBXFileReference; lastKnownFileType = file.storyboard; name = Base; path = Base.lproj/LaunchScreen.storyboard; sourceTree = "<group>"; };
		8859E3E41F80D75F00C3EECD /* Info.plist */ = {isa = PBXFileReference; lastKnownFileType = text.plist.xml; path = Info.plist; sourceTree = "<group>"; };
		8859E3EE1F80E85600C3EECD /* GoalCell.swift */ = {isa = PBXFileReference; lastKnownFileType = sourcecode.swift; path = GoalCell.swift; sourceTree = "<group>"; };
		8859E3F01F80F42E00C3EECD /* GoalType.swift */ = {isa = PBXFileReference; lastKnownFileType = sourcecode.swift; path = GoalType.swift; sourceTree = "<group>"; };
		8859E3F21F81056B00C3EECD /* CreateGoalVC.swift */ = {isa = PBXFileReference; lastKnownFileType = sourcecode.swift; path = CreateGoalVC.swift; sourceTree = "<group>"; };
		888C18441F810CC200FF5D6D /* UIViewControllerExt.swift */ = {isa = PBXFileReference; lastKnownFileType = sourcecode.swift; path = UIViewControllerExt.swift; sourceTree = "<group>"; };
		888C18461F8113A200FF5D6D /* UIViewExt.swift */ = {isa = PBXFileReference; lastKnownFileType = sourcecode.swift; path = UIViewExt.swift; sourceTree = "<group>"; };
		888C184A1F811BC000FF5D6D /* UIButtonExt.swift */ = {isa = PBXFileReference; lastKnownFileType = sourcecode.swift; path = UIButtonExt.swift; sourceTree = "<group>"; };
		888C184D1F81281500FF5D6D /* FinishGoalVC.swift */ = {isa = PBXFileReference; lastKnownFileType = sourcecode.swift; path = FinishGoalVC.swift; sourceTree = "<group>"; };
/* End PBXFileReference section */

/* Begin PBXFrameworksBuildPhase section */
		8859E3CF1F80D75F00C3EECD /* Frameworks */ = {
			isa = PBXFrameworksBuildPhase;
			buildActionMask = 2147483647;
			files = (
			);
			runOnlyForDeploymentPostprocessing = 0;
		};
/* End PBXFrameworksBuildPhase section */

/* Begin PBXGroup section */
		8859E3C91F80D75F00C3EECD = {
			isa = PBXGroup;
			children = (
				8859E3D41F80D75F00C3EECD /* CoreDataApp */,
				8859E3D31F80D75F00C3EECD /* Products */,
			);
			sourceTree = "<group>";
		};
		8859E3D31F80D75F00C3EECD /* Products */ = {
			isa = PBXGroup;
			children = (
				8859E3D21F80D75F00C3EECD /* CoreDataApp.app */,
			);
			name = Products;
			sourceTree = "<group>";
		};
		8859E3D41F80D75F00C3EECD /* CoreDataApp */ = {
			isa = PBXGroup;
			children = (
				8859E3ED1F80D7EB00C3EECD /* Extensions */,
				8859E3EC1F80D7E300C3EECD /* Enums */,
				8859E3EB1F80D7B800C3EECD /* View */,
				8859E3EA1F80D79300C3EECD /* Controller */,
				8859E3D51F80D75F00C3EECD /* AppDelegate.swift */,
				8859E3D91F80D75F00C3EECD /* Main.storyboard */,
				8859E3DF1F80D75F00C3EECD /* Assets.xcassets */,
				8859E3E11F80D75F00C3EECD /* LaunchScreen.storyboard */,
				8859E3E41F80D75F00C3EECD /* Info.plist */,
				8859E3DC1F80D75F00C3EECD /* CoreDataApp.xcdatamodeld */,
			);
			path = CoreDataApp;
			sourceTree = "<group>";
		};
		8859E3EA1F80D79300C3EECD /* Controller */ = {
			isa = PBXGroup;
			children = (
				8859E3D71F80D75F00C3EECD /* GoalsVC.swift */,
				8859E3F21F81056B00C3EECD /* CreateGoalVC.swift */,
				888C184D1F81281500FF5D6D /* FinishGoalVC.swift */,
			);
			path = Controller;
			sourceTree = "<group>";
		};
		8859E3EB1F80D7B800C3EECD /* View */ = {
			isa = PBXGroup;
			children = (
				8859E3EE1F80E85600C3EECD /* GoalCell.swift */,
			);
			path = View;
			sourceTree = "<group>";
		};
		8859E3EC1F80D7E300C3EECD /* Enums */ = {
			isa = PBXGroup;
			children = (
				8859E3F01F80F42E00C3EECD /* GoalType.swift */,
			);
			path = Enums;
			sourceTree = "<group>";
		};
		8859E3ED1F80D7EB00C3EECD /* Extensions */ = {
			isa = PBXGroup;
			children = (
				888C18441F810CC200FF5D6D /* UIViewControllerExt.swift */,
				888C18461F8113A200FF5D6D /* UIViewExt.swift */,
				888C184A1F811BC000FF5D6D /* UIButtonExt.swift */,
			);
			path = Extensions;
			sourceTree = "<group>";
		};
/* End PBXGroup section */

/* Begin PBXNativeTarget section */
		8859E3D11F80D75F00C3EECD /* CoreDataApp */ = {
			isa = PBXNativeTarget;
			buildConfigurationList = 8859E3E71F80D75F00C3EECD /* Build configuration list for PBXNativeTarget "CoreDataApp" */;
			buildPhases = (
				8859E3CE1F80D75F00C3EECD /* Sources */,
				8859E3CF1F80D75F00C3EECD /* Frameworks */,
				8859E3D01F80D75F00C3EECD /* Resources */,
			);
			buildRules = (
			);
			dependencies = (
			);
			name = CoreDataApp;
			productName = CoreDataApp;
			productReference = 8859E3D21F80D75F00C3EECD /* CoreDataApp.app */;
			productType = "com.apple.product-type.application";
		};
/* End PBXNativeTarget section */

/* Begin PBXProject section */
		8859E3CA1F80D75F00C3EECD /* Project object */ = {
			isa = PBXProject;
			attributes = {
				LastSwiftUpdateCheck = 0900;
				LastUpgradeCheck = 0900;
				ORGANIZATIONNAME = Ljubomir;
				TargetAttributes = {
					8859E3D11F80D75F00C3EECD = {
						CreatedOnToolsVersion = 9.0;
						ProvisioningStyle = Automatic;
					};
				};
			};
			buildConfigurationList = 8859E3CD1F80D75F00C3EECD /* Build configuration list for PBXProject "CoreDataApp" */;
			compatibilityVersion = "Xcode 8.0";
			developmentRegion = en;
			hasScannedForEncodings = 0;
			knownRegions = (
				en,
				Base,
			);
			mainGroup = 8859E3C91F80D75F00C3EECD;
			productRefGroup = 8859E3D31F80D75F00C3EECD /* Products */;
			projectDirPath = "";
			projectRoot = "";
			targets = (
				8859E3D11F80D75F00C3EECD /* CoreDataApp */,
			);
		};
/* End PBXProject section */

/* Begin PBXResourcesBuildPhase section */
		8859E3D01F80D75F00C3EECD /* Resources */ = {
			isa = PBXResourcesBuildPhase;
			buildActionMask = 2147483647;
			files = (
				8859E3E31F80D75F00C3EECD /* LaunchScreen.storyboard in Resources */,
				8859E3E01F80D75F00C3EECD /* Assets.xcassets in Resources */,
				8859E3DB1F80D75F00C3EECD /* Main.storyboard in Resources */,
			);
			runOnlyForDeploymentPostprocessing = 0;
		};
/* End PBXResourcesBuildPhase section */

/* Begin PBXSourcesBuildPhase section */
		8859E3CE1F80D75F00C3EECD /* Sources */ = {
			isa = PBXSourcesBuildPhase;
			buildActionMask = 2147483647;
			files = (
				8859E3EF1F80E85600C3EECD /* GoalCell.swift in Sources */,
				8859E3F31F81056B00C3EECD /* CreateGoalVC.swift in Sources */,
				8859E3F11F80F42E00C3EECD /* GoalType.swift in Sources */,
				8859E3D81F80D75F00C3EECD /* GoalsVC.swift in Sources */,
				888C18471F8113A200FF5D6D /* UIViewExt.swift in Sources */,
				8859E3DE1F80D75F00C3EECD /* CoreDataApp.xcdatamodeld in Sources */,
				888C18451F810CC200FF5D6D /* UIViewControllerExt.swift in Sources */,
				888C184B1F811BC000FF5D6D /* UIButtonExt.swift in Sources */,
				888C184E1F81281500FF5D6D /* FinishGoalVC.swift in Sources */,
				8859E3D61F80D75F00C3EECD /* AppDelegate.swift in Sources */,
			);
			runOnlyForDeploymentPostprocessing = 0;
		};
/* End PBXSourcesBuildPhase section */

/* Begin PBXVariantGroup section */
		8859E3D91F80D75F00C3EECD /* Main.storyboard */ = {
			isa = PBXVariantGroup;
			children = (
				8859E3DA1F80D75F00C3EECD /* Base */,
			);
			name = Main.storyboard;
			sourceTree = "<group>";
		};
		8859E3E11F80D75F00C3EECD /* LaunchScreen.storyboard */ = {
			isa = PBXVariantGroup;
			children = (
				8859E3E21F80D75F00C3EECD /* Base */,
			);
			name = LaunchScreen.storyboard;
			sourceTree = "<group>";
		};
/* End PBXVariantGroup section */

/* Begin XCBuildConfiguration section */
		8859E3E51F80D75F00C3EECD /* Debug */ = {
			isa = XCBuildConfiguration;
			buildSettings = {
				ALWAYS_SEARCH_USER_PATHS = NO;
				CLANG_ANALYZER_NONNULL = YES;
				CLANG_ANALYZER_NUMBER_OBJECT_CONVERSION = YES_AGGRESSIVE;
				CLANG_CXX_LANGUAGE_STANDARD = "gnu++14";
				CLANG_CXX_LIBRARY = "libc++";
				CLANG_ENABLE_MODULES = YES;
				CLANG_ENABLE_OBJC_ARC = YES;
				CLANG_WARN_BLOCK_CAPTURE_AUTORELEASING = YES;
				CLANG_WARN_BOOL_CONVERSION = YES;
				CLANG_WARN_COMMA = YES;
				CLANG_WARN_CONSTANT_CONVERSION = YES;
				CLANG_WARN_DIRECT_OBJC_ISA_USAGE = YES_ERROR;
				CLANG_WARN_DOCUMENTATION_COMMENTS = YES;
				CLANG_WARN_EMPTY_BODY = YES;
				CLANG_WARN_ENUM_CONVERSION = YES;
				CLANG_WARN_INFINITE_RECURSION = YES;
				CLANG_WARN_INT_CONVERSION = YES;
				CLANG_WARN_NON_LITERAL_NULL_CONVERSION = YES;
				CLANG_WARN_OBJC_LITERAL_CONVERSION = YES;
				CLANG_WARN_OBJC_ROOT_CLASS = YES_ERROR;
				CLANG_WARN_RANGE_LOOP_ANALYSIS = YES;
				CLANG_WARN_STRICT_PROTOTYPES = YES;
				CLANG_WARN_SUSPICIOUS_MOVE = YES;
				CLANG_WARN_UNGUARDED_AVAILABILITY = YES_AGGRESSIVE;
				CLANG_WARN_UNREACHABLE_CODE = YES;
				CLANG_WARN__DUPLICATE_METHOD_MATCH = YES;
				CODE_SIGN_IDENTITY = "iPhone Developer";
				COPY_PHASE_STRIP = NO;
				DEBUG_INFORMATION_FORMAT = dwarf;
				ENABLE_STRICT_OBJC_MSGSEND = YES;
				ENABLE_TESTABILITY = YES;
				GCC_C_LANGUAGE_STANDARD = gnu11;
				GCC_DYNAMIC_NO_PIC = NO;
				GCC_NO_COMMON_BLOCKS = YES;
				GCC_OPTIMIZATION_LEVEL = 0;
				GCC_PREPROCESSOR_DEFINITIONS = (
					"DEBUG=1",
					"$(inherited)",
				);
				GCC_WARN_64_TO_32_BIT_CONVERSION = YES;
				GCC_WARN_ABOUT_RETURN_TYPE = YES_ERROR;
				GCC_WARN_UNDECLARED_SELECTOR = YES;
				GCC_WARN_UNINITIALIZED_AUTOS = YES_AGGRESSIVE;
				GCC_WARN_UNUSED_FUNCTION = YES;
				GCC_WARN_UNUSED_VARIABLE = YES;
				IPHONEOS_DEPLOYMENT_TARGET = 11.0;
				MTL_ENABLE_DEBUG_INFO = YES;
				ONLY_ACTIVE_ARCH = YES;
				SDKROOT = iphoneos;
				SWIFT_ACTIVE_COMPILATION_CONDITIONS = DEBUG;
				SWIFT_OPTIMIZATION_LEVEL = "-Onone";
			};
			name = Debug;
		};
		8859E3E61F80D75F00C3EECD /* Release */ = {
			isa = XCBuildConfiguration;
			buildSettings = {
				ALWAYS_SEARCH_USER_PATHS = NO;
				CLANG_ANALYZER_NONNULL = YES;
				CLANG_ANALYZER_NUMBER_OBJECT_CONVERSION = YES_AGGRESSIVE;
				CLANG_CXX_LANGUAGE_STANDARD = "gnu++14";
				CLANG_CXX_LIBRARY = "libc++";
				CLANG_ENABLE_MODULES = YES;
				CLANG_ENABLE_OBJC_ARC = YES;
				CLANG_WARN_BLOCK_CAPTURE_AUTORELEASING = YES;
				CLANG_WARN_BOOL_CONVERSION = YES;
				CLANG_WARN_COMMA = YES;
				CLANG_WARN_CONSTANT_CONVERSION = YES;
				CLANG_WARN_DIRECT_OBJC_ISA_USAGE = YES_ERROR;
				CLANG_WARN_DOCUMENTATION_COMMENTS = YES;
				CLANG_WARN_EMPTY_BODY = YES;
				CLANG_WARN_ENUM_CONVERSION = YES;
				CLANG_WARN_INFINITE_RECURSION = YES;
				CLANG_WARN_INT_CONVERSION = YES;
				CLANG_WARN_NON_LITERAL_NULL_CONVERSION = YES;
				CLANG_WARN_OBJC_LITERAL_CONVERSION = YES;
				CLANG_WARN_OBJC_ROOT_CLASS = YES_ERROR;
				CLANG_WARN_RANGE_LOOP_ANALYSIS = YES;
				CLANG_WARN_STRICT_PROTOTYPES = YES;
				CLANG_WARN_SUSPICIOUS_MOVE = YES;
				CLANG_WARN_UNGUARDED_AVAILABILITY = YES_AGGRESSIVE;
				CLANG_WARN_UNREACHABLE_CODE = YES;
				CLANG_WARN__DUPLICATE_METHOD_MATCH = YES;
				CODE_SIGN_IDENTITY = "iPhone Developer";
				COPY_PHASE_STRIP = NO;
				DEBUG_INFORMATION_FORMAT = "dwarf-with-dsym";
				ENABLE_NS_ASSERTIONS = NO;
				ENABLE_STRICT_OBJC_MSGSEND = YES;
				GCC_C_LANGUAGE_STANDARD = gnu11;
				GCC_NO_COMMON_BLOCKS = YES;
				GCC_WARN_64_TO_32_BIT_CONVERSION = YES;
				GCC_WARN_ABOUT_RETURN_TYPE = YES_ERROR;
				GCC_WARN_UNDECLARED_SELECTOR = YES;
				GCC_WARN_UNINITIALIZED_AUTOS = YES_AGGRESSIVE;
				GCC_WARN_UNUSED_FUNCTION = YES;
				GCC_WARN_UNUSED_VARIABLE = YES;
				IPHONEOS_DEPLOYMENT_TARGET = 11.0;
				MTL_ENABLE_DEBUG_INFO = NO;
				SDKROOT = iphoneos;
				SWIFT_OPTIMIZATION_LEVEL = "-Owholemodule";
				VALIDATE_PRODUCT = YES;
			};
			name = Release;
		};
		8859E3E81F80D75F00C3EECD /* Debug */ = {
			isa = XCBuildConfiguration;
			buildSettings = {
				ASSETCATALOG_COMPILER_APPICON_NAME = AppIcon;
				CODE_SIGN_STYLE = Automatic;
				INFOPLIST_FILE = CoreDataApp/Info.plist;
				LD_RUNPATH_SEARCH_PATHS = "$(inherited) @executable_path/Frameworks";
				PRODUCT_BUNDLE_IDENTIFIER = com.Ljubomir.CoreDataApp;
				PRODUCT_NAME = "$(TARGET_NAME)";
				SWIFT_VERSION = 4.0;
				TARGETED_DEVICE_FAMILY = "1,2";
			};
			name = Debug;
		};
		8859E3E91F80D75F00C3EECD /* Release */ = {
			isa = XCBuildConfiguration;
			buildSettings = {
				ASSETCATALOG_COMPILER_APPICON_NAME = AppIcon;
				CODE_SIGN_STYLE = Automatic;
				INFOPLIST_FILE = CoreDataApp/Info.plist;
				LD_RUNPATH_SEARCH_PATHS = "$(inherited) @executable_path/Frameworks";
				PRODUCT_BUNDLE_IDENTIFIER = com.Ljubomir.CoreDataApp;
				PRODUCT_NAME = "$(TARGET_NAME)";
				SWIFT_VERSION = 4.0;
				TARGETED_DEVICE_FAMILY = "1,2";
			};
			name = Release;
		};
/* End XCBuildConfiguration section */

/* Begin XCConfigurationList section */
		8859E3CD1F80D75F00C3EECD /* Build configuration list for PBXProject "CoreDataApp" */ = {
			isa = XCConfigurationList;
			buildConfigurations = (
				8859E3E51F80D75F00C3EECD /* Debug */,
				8859E3E61F80D75F00C3EECD /* Release */,
			);
			defaultConfigurationIsVisible = 0;
			defaultConfigurationName = Release;
		};
		8859E3E71F80D75F00C3EECD /* Build configuration list for PBXNativeTarget "CoreDataApp" */ = {
			isa = XCConfigurationList;
			buildConfigurations = (
				8859E3E81F80D75F00C3EECD /* Debug */,
				8859E3E91F80D75F00C3EECD /* Release */,
			);
			defaultConfigurationIsVisible = 0;
			defaultConfigurationName = Release;
		};
/* End XCConfigurationList section */

/* Begin XCVersionGroup section */
		8859E3DC1F80D75F00C3EECD /* CoreDataApp.xcdatamodeld */ = {
			isa = XCVersionGroup;
			children = (
				8859E3DD1F80D75F00C3EECD /* CoreDataApp.xcdatamodel */,
			);
			currentVersion = 8859E3DD1F80D75F00C3EECD /* CoreDataApp.xcdatamodel */;
			path = CoreDataApp.xcdatamodeld;
			sourceTree = "<group>";
			versionGroupType = wrapper.xcdatamodel;
		};
/* End XCVersionGroup section */
	};
	rootObject = 8859E3CA1F80D75F00C3EECD /* Project object */;
}
